
Microsoft Visual Studio Solution File, Format Version 12.00
# Visual Studio 15
VisualStudioVersion = 15.0.26730.16
MinimumVisualStudioVersion = 10.0.40219.1
Project("{9A19103F-16F7-4668-BE54-9A1E7A4F7556}") = "BackEnd", "BackEnd\BackEnd.csproj", "{CA12A723-0CF1-458A-A9F4-D7943CD9CAA7}"
	ProjectSection(ProjectDependencies) = postProject
		{D96A4A68-C625-40DA-9B5E-D353FC40A4AD} = {D96A4A68-C625-40DA-9B5E-D353FC40A4AD}
	EndProjectSection
EndProject
Project("{9A19103F-16F7-4668-BE54-9A1E7A4F7556}") = "ConferenceDTO", "ConferenceDTO\ConferenceDTO.csproj", "{FA841E9B-30F9-47F0-8F12-42B11E9F42C1}"
EndProject
Project("{9A19103F-16F7-4668-BE54-9A1E7A4F7556}") = "FrontEnd", "FrontEnd\FrontEnd.csproj", "{D96A4A68-C625-40DA-9B5E-D353FC40A4AD}"
	ProjectSection(ProjectDependencies) = postProject
		{FA841E9B-30F9-47F0-8F12-42B11E9F42C1} = {FA841E9B-30F9-47F0-8F12-42B11E9F42C1}
	EndProjectSection
EndProject
Project("{FAE04EC0-301F-11D3-BF4B-00C04F79EFBC}") = "Data", "Data\Data.csproj", "{71836AAC-3C33-4496-A1CD-41BE03095AC9}"
EndProject
Global
	GlobalSection(SolutionConfigurationPlatforms) = preSolution
		Debug|Any CPU = Debug|Any CPU
		Debug|x64 = Debug|x64
		Debug|x86 = Debug|x86
		Release|Any CPU = Release|Any CPU
		Release|x64 = Release|x64
		Release|x86 = Release|x86
	EndGlobalSection
	GlobalSection(ProjectConfigurationPlatforms) = postSolution
		{CA12A723-0CF1-458A-A9F4-D7943CD9CAA7}.Debug|Any CPU.ActiveCfg = Debug|Any CPU
		{CA12A723-0CF1-458A-A9F4-D7943CD9CAA7}.Debug|Any CPU.Build.0 = Debug|Any CPU
		{CA12A723-0CF1-458A-A9F4-D7943CD9CAA7}.Debug|x64.ActiveCfg = Debug|Any CPU
		{CA12A723-0CF1-458A-A9F4-D7943CD9CAA7}.Debug|x64.Build.0 = Debug|Any CPU
		{CA12A723-0CF1-458A-A9F4-D7943CD9CAA7}.Debug|x86.ActiveCfg = Debug|x86
		{CA12A723-0CF1-458A-A9F4-D7943CD9CAA7}.Debug|x86.Build.0 = Debug|x86
		{CA12A723-0CF1-458A-A9F4-D7943CD9CAA7}.Release|Any CPU.ActiveCfg = Release|Any CPU
		{CA12A723-0CF1-458A-A9F4-D7943CD9CAA7}.Release|Any CPU.Build.0 = Release|Any CPU
		{CA12A723-0CF1-458A-A9F4-D7943CD9CAA7}.Release|x64.ActiveCfg = Release|x64
		{CA12A723-0CF1-458A-A9F4-D7943CD9CAA7}.Release|x64.Build.0 = Release|x64
		{CA12A723-0CF1-458A-A9F4-D7943CD9CAA7}.Release|x86.ActiveCfg = Release|x86
		{CA12A723-0CF1-458A-A9F4-D7943CD9CAA7}.Release|x86.Build.0 = Release|x86
		{FA841E9B-30F9-47F0-8F12-42B11E9F42C1}.Debug|Any CPU.ActiveCfg = Debug|Any CPU
		{FA841E9B-30F9-47F0-8F12-42B11E9F42C1}.Debug|Any CPU.Build.0 = Debug|Any CPU
		{FA841E9B-30F9-47F0-8F12-42B11E9F42C1}.Debug|x64.ActiveCfg = Debug|Any CPU
		{FA841E9B-30F9-47F0-8F12-42B11E9F42C1}.Debug|x64.Build.0 = Debug|Any CPU
		{FA841E9B-30F9-47F0-8F12-42B11E9F42C1}.Debug|x86.ActiveCfg = Debug|Any CPU
		{FA841E9B-30F9-47F0-8F12-42B11E9F42C1}.Debug|x86.Build.0 = Debug|Any CPU
		{FA841E9B-30F9-47F0-8F12-42B11E9F42C1}.Release|Any CPU.ActiveCfg = Release|Any CPU
		{FA841E9B-30F9-47F0-8F12-42B11E9F42C1}.Release|Any CPU.Build.0 = Release|Any CPU
		{FA841E9B-30F9-47F0-8F12-42B11E9F42C1}.Release|x64.ActiveCfg = Release|Any CPU
		{FA841E9B-30F9-47F0-8F12-42B11E9F42C1}.Release|x64.Build.0 = Release|Any CPU
		{FA841E9B-30F9-47F0-8F12-42B11E9F42C1}.Release|x86.ActiveCfg = Release|Any CPU
		{FA841E9B-30F9-47F0-8F12-42B11E9F42C1}.Release|x86.Build.0 = Release|Any CPU
		{D96A4A68-C625-40DA-9B5E-D353FC40A4AD}.Debug|Any CPU.ActiveCfg = Debug|Any CPU
		{D96A4A68-C625-40DA-9B5E-D353FC40A4AD}.Debug|Any CPU.Build.0 = Debug|Any CPU
		{D96A4A68-C625-40DA-9B5E-D353FC40A4AD}.Debug|x64.ActiveCfg = Debug|Any CPU
		{D96A4A68-C625-40DA-9B5E-D353FC40A4AD}.Debug|x64.Build.0 = Debug|Any CPU
		{D96A4A68-C625-40DA-9B5E-D353FC40A4AD}.Debug|x86.ActiveCfg = Debug|Any CPU
		{D96A4A68-C625-40DA-9B5E-D353FC40A4AD}.Debug|x86.Build.0 = Debug|Any CPU
		{D96A4A68-C625-40DA-9B5E-D353FC40A4AD}.Release|Any CPU.ActiveCfg = Release|Any CPU
		{D96A4A68-C625-40DA-9B5E-D353FC40A4AD}.Release|Any CPU.Build.0 = Release|Any CPU
		{D96A4A68-C625-40DA-9B5E-D353FC40A4AD}.Release|x64.ActiveCfg = Release|Any CPU
		{D96A4A68-C625-40DA-9B5E-D353FC40A4AD}.Release|x64.Build.0 = Release|Any CPU
		{D96A4A68-C625-40DA-9B5E-D353FC40A4AD}.Release|x86.ActiveCfg = Release|Any CPU
		{D96A4A68-C625-40DA-9B5E-D353FC40A4AD}.Release|x86.Build.0 = Release|Any CPU
		{71836AAC-3C33-4496-A1CD-41BE03095AC9}.Debug|Any CPU.ActiveCfg = Debug|Any CPU
		{71836AAC-3C33-4496-A1CD-41BE03095AC9}.Debug|Any CPU.Build.0 = Debug|Any CPU
		{71836AAC-3C33-4496-A1CD-41BE03095AC9}.Debug|x64.ActiveCfg = Debug|Any CPU
		{71836AAC-3C33-4496-A1CD-41BE03095AC9}.Debug|x64.Build.0 = Debug|Any CPU
		{71836AAC-3C33-4496-A1CD-41BE03095AC9}.Debug|x86.ActiveCfg = Debug|Any CPU
		{71836AAC-3C33-4496-A1CD-41BE03095AC9}.Debug|x86.Build.0 = Debug|Any CPU
		{71836AAC-3C33-4496-A1CD-41BE03095AC9}.Release|Any CPU.ActiveCfg = Release|Any CPU
		{71836AAC-3C33-4496-A1CD-41BE03095AC9}.Release|Any CPU.Build.0 = Release|Any CPU
		{71836AAC-3C33-4496-A1CD-41BE03095AC9}.Release|x64.ActiveCfg = Release|Any CPU
		{71836AAC-3C33-4496-A1CD-41BE03095AC9}.Release|x64.Build.0 = Release|Any CPU
		{71836AAC-3C33-4496-A1CD-41BE03095AC9}.Release|x86.ActiveCfg = Release|Any CPU
		{71836AAC-3C33-4496-A1CD-41BE03095AC9}.Release|x86.Build.0 = Release|Any CPU
	EndGlobalSection
	GlobalSection(SolutionProperties) = preSolution
		HideSolutionNode = FALSE
	EndGlobalSection
	GlobalSection(ExtensibilityGlobals) = postSolution
		SolutionGuid = {B138C46E-4395-4FC2-ABCA-593D6C143FC5}
	EndGlobalSection
EndGlobal
